
Microsoft Visual Studio Solution File, Format Version 12.00
# Visual Studio Version 16
VisualStudioVersion = 16.0.29411.108
MinimumVisualStudioVersion = 10.0.40219.1
Project("{9A19103F-16F7-4668-BE54-9A1E7A4F7556}") = "gRPC.Server", "gRPC.Server\gRPC.Server.csproj", "{643B2E9C-4ACF-4B3A-BB49-80E7DD307883}"
EndProject
Project("{FAE04EC0-301F-11D3-BF4B-00C04F79EFBC}") = "gRPC.Client", "gRPC.Client\gRPC.Client.csproj", "{BA43D03E-C933-4D8D-B4A5-8320F503057B}"
EndProject
Global
	GlobalSection(SolutionConfigurationPlatforms) = preSolution
		Debug|Any CPU = Debug|Any CPU
		Release|Any CPU = Release|Any CPU
	EndGlobalSection
	GlobalSection(ProjectConfigurationPlatforms) = postSolution
		{643B2E9C-4ACF-4B3A-BB49-80E7DD307883}.Debug|Any CPU.ActiveCfg = Debug|Any CPU
		{643B2E9C-4ACF-4B3A-BB49-80E7DD307883}.Debug|Any CPU.Build.0 = Debug|Any CPU
		{643B2E9C-4ACF-4B3A-BB49-80E7DD307883}.Release|Any CPU.ActiveCfg = Release|Any CPU
		{643B2E9C-4ACF-4B3A-BB49-80E7DD307883}.Release|Any CPU.Build.0 = Release|Any CPU
		{BA43D03E-C933-4D8D-B4A5-8320F503057B}.Debug|Any CPU.ActiveCfg = Debug|Any CPU
		{BA43D03E-C933-4D8D-B4A5-8320F503057B}.Debug|Any CPU.Build.0 = Debug|Any CPU
		{BA43D03E-C933-4D8D-B4A5-8320F503057B}.Release|Any CPU.ActiveCfg = Release|Any CPU
		{BA43D03E-C933-4D8D-B4A5-8320F503057B}.Release|Any CPU.Build.0 = Release|Any CPU
	EndGlobalSection
	GlobalSection(SolutionProperties) = preSolution
		HideSolutionNode = FALSE
	EndGlobalSection
	GlobalSection(ExtensibilityGlobals) = postSolution
		SolutionGuid = {B7AAFC3C-C797-4ED0-84D7-FEFFF7DC0383}
	EndGlobalSection
EndGlobal
